// !$*UTF8*$!
{
	archiveVersion = 1;
	classes = {
	};
	objectVersion = 50;
	objects = {

/* Begin PBXBuildFile section */
		DF103B00240BD3C400712ED8 /* AppDelegate.swift in Sources */ = {isa = PBXBuildFile; fileRef = DF103AFF240BD3C400712ED8 /* AppDelegate.swift */; };
		DF103B02240BD3C400712ED8 /* SceneDelegate.swift in Sources */ = {isa = PBXBuildFile; fileRef = DF103B01240BD3C400712ED8 /* SceneDelegate.swift */; };
		DF103B07240BD3C400712ED8 /* Main.storyboard in Resources */ = {isa = PBXBuildFile; fileRef = DF103B05240BD3C400712ED8 /* Main.storyboard */; };
		DF103B0A240BD3C400712ED8 /* Study_Assistant.xcdatamodeld in Sources */ = {isa = PBXBuildFile; fileRef = DF103B08240BD3C400712ED8 /* Study_Assistant.xcdatamodeld */; };
		DF103B0C240BD3C500712ED8 /* Assets.xcassets in Resources */ = {isa = PBXBuildFile; fileRef = DF103B0B240BD3C500712ED8 /* Assets.xcassets */; };
		DF103B0F240BD3C500712ED8 /* LaunchScreen.storyboard in Resources */ = {isa = PBXBuildFile; fileRef = DF103B0D240BD3C500712ED8 /* LaunchScreen.storyboard */; };
		DF103B1A240BD3C500712ED8 /* Study_AssistantTests.swift in Sources */ = {isa = PBXBuildFile; fileRef = DF103B19240BD3C500712ED8 /* Study_AssistantTests.swift */; };
		DF103B25240BD3C500712ED8 /* Study_AssistantUITests.swift in Sources */ = {isa = PBXBuildFile; fileRef = DF103B24240BD3C500712ED8 /* Study_AssistantUITests.swift */; };
		DF103B34240BD53600712ED8 /* AllTestViewController.swift in Sources */ = {isa = PBXBuildFile; fileRef = DF103B33240BD53600712ED8 /* AllTestViewController.swift */; };
/* End PBXBuildFile section */

/* Begin PBXContainerItemProxy section */
		DF103B16240BD3C500712ED8 /* PBXContainerItemProxy */ = {
			isa = PBXContainerItemProxy;
			containerPortal = DF103AF4240BD3C400712ED8 /* Project object */;
			proxyType = 1;
			remoteGlobalIDString = DF103AFB240BD3C400712ED8;
			remoteInfo = "Study-Assistant";
		};
		DF103B21240BD3C500712ED8 /* PBXContainerItemProxy */ = {
			isa = PBXContainerItemProxy;
			containerPortal = DF103AF4240BD3C400712ED8 /* Project object */;
			proxyType = 1;
			remoteGlobalIDString = DF103AFB240BD3C400712ED8;
			remoteInfo = "Study-Assistant";
		};
/* End PBXContainerItemProxy section */

/* Begin PBXFileReference section */
		DF103AFC240BD3C400712ED8 /* Study-Assistant.app */ = {isa = PBXFileReference; explicitFileType = wrapper.application; includeInIndex = 0; path = "Study-Assistant.app"; sourceTree = BUILT_PRODUCTS_DIR; };
		DF103AFF240BD3C400712ED8 /* AppDelegate.swift */ = {isa = PBXFileReference; lastKnownFileType = sourcecode.swift; path = AppDelegate.swift; sourceTree = "<group>"; };
		DF103B01240BD3C400712ED8 /* SceneDelegate.swift */ = {isa = PBXFileReference; lastKnownFileType = sourcecode.swift; path = SceneDelegate.swift; sourceTree = "<group>"; };
		DF103B06240BD3C400712ED8 /* Base */ = {isa = PBXFileReference; lastKnownFileType = file.storyboard; name = Base; path = Base.lproj/Main.storyboard; sourceTree = "<group>"; };
		DF103B09240BD3C400712ED8 /* Study_Assistant.xcdatamodel */ = {isa = PBXFileReference; lastKnownFileType = wrapper.xcdatamodel; path = Study_Assistant.xcdatamodel; sourceTree = "<group>"; };
		DF103B0B240BD3C500712ED8 /* Assets.xcassets */ = {isa = PBXFileReference; lastKnownFileType = folder.assetcatalog; path = Assets.xcassets; sourceTree = "<group>"; };
		DF103B0E240BD3C500712ED8 /* Base */ = {isa = PBXFileReference; lastKnownFileType = file.storyboard; name = Base; path = Base.lproj/LaunchScreen.storyboard; sourceTree = "<group>"; };
		DF103B10240BD3C500712ED8 /* Info.plist */ = {isa = PBXFileReference; lastKnownFileType = text.plist.xml; path = Info.plist; sourceTree = "<group>"; };
		DF103B15240BD3C500712ED8 /* Study-AssistantTests.xctest */ = {isa = PBXFileReference; explicitFileType = wrapper.cfbundle; includeInIndex = 0; path = "Study-AssistantTests.xctest"; sourceTree = BUILT_PRODUCTS_DIR; };
		DF103B19240BD3C500712ED8 /* Study_AssistantTests.swift */ = {isa = PBXFileReference; lastKnownFileType = sourcecode.swift; path = Study_AssistantTests.swift; sourceTree = "<group>"; };
		DF103B1B240BD3C500712ED8 /* Info.plist */ = {isa = PBXFileReference; lastKnownFileType = text.plist.xml; path = Info.plist; sourceTree = "<group>"; };
		DF103B20240BD3C500712ED8 /* Study-AssistantUITests.xctest */ = {isa = PBXFileReference; explicitFileType = wrapper.cfbundle; includeInIndex = 0; path = "Study-AssistantUITests.xctest"; sourceTree = BUILT_PRODUCTS_DIR; };
		DF103B24240BD3C500712ED8 /* Study_AssistantUITests.swift */ = {isa = PBXFileReference; lastKnownFileType = sourcecode.swift; path = Study_AssistantUITests.swift; sourceTree = "<group>"; };
		DF103B26240BD3C500712ED8 /* Info.plist */ = {isa = PBXFileReference; lastKnownFileType = text.plist.xml; path = Info.plist; sourceTree = "<group>"; };
		DF103B33240BD53600712ED8 /* AllTestViewController.swift */ = {isa = PBXFileReference; lastKnownFileType = sourcecode.swift; path = AllTestViewController.swift; sourceTree = "<group>"; };
/* End PBXFileReference section */

/* Begin PBXFrameworksBuildPhase section */
		DF103AF9240BD3C400712ED8 /* Frameworks */ = {
			isa = PBXFrameworksBuildPhase;
			buildActionMask = 2147483647;
			files = (
			);
			runOnlyForDeploymentPostprocessing = 0;
		};
		DF103B12240BD3C500712ED8 /* Frameworks */ = {
			isa = PBXFrameworksBuildPhase;
			buildActionMask = 2147483647;
			files = (
			);
			runOnlyForDeploymentPostprocessing = 0;
		};
		DF103B1D240BD3C500712ED8 /* Frameworks */ = {
			isa = PBXFrameworksBuildPhase;
			buildActionMask = 2147483647;
			files = (
			);
			runOnlyForDeploymentPostprocessing = 0;
		};
/* End PBXFrameworksBuildPhase section */

/* Begin PBXGroup section */
		DF103AF3240BD3C400712ED8 = {
			isa = PBXGroup;
			children = (
				DF103AFE240BD3C400712ED8 /* Study-Assistant */,
				DF103B18240BD3C500712ED8 /* Study-AssistantTests */,
				DF103B23240BD3C500712ED8 /* Study-AssistantUITests */,
				DF103AFD240BD3C400712ED8 /* Products */,
			);
			sourceTree = "<group>";
		};
		DF103AFD240BD3C400712ED8 /* Products */ = {
			isa = PBXGroup;
			children = (
				DF103AFC240BD3C400712ED8 /* Study-Assistant.app */,
				DF103B15240BD3C500712ED8 /* Study-AssistantTests.xctest */,
				DF103B20240BD3C500712ED8 /* Study-AssistantUITests.xctest */,
			);
			name = Products;
			sourceTree = "<group>";
		};
		DF103AFE240BD3C400712ED8 /* Study-Assistant */ = {
			isa = PBXGroup;
			children = (
				DF103B32240BD4A300712ED8 /* Core Files */,
				DF103B0B240BD3C500712ED8 /* Assets.xcassets */,
				DF103B0D240BD3C500712ED8 /* LaunchScreen.storyboard */,
				DF103B10240BD3C500712ED8 /* Info.plist */,
				DF103B08240BD3C400712ED8 /* Study_Assistant.xcdatamodeld */,
				DF103B33240BD53600712ED8 /* AllTestViewController.swift */,
			);
			path = "Study-Assistant";
			sourceTree = "<group>";
		};
		DF103B18240BD3C500712ED8 /* Study-AssistantTests */ = {
			isa = PBXGroup;
			children = (
				DF103B19240BD3C500712ED8 /* Study_AssistantTests.swift */,
				DF103B1B240BD3C500712ED8 /* Info.plist */,
			);
			path = "Study-AssistantTests";
			sourceTree = "<group>";
		};
		DF103B23240BD3C500712ED8 /* Study-AssistantUITests */ = {
			isa = PBXGroup;
			children = (
				DF103B24240BD3C500712ED8 /* Study_AssistantUITests.swift */,
				DF103B26240BD3C500712ED8 /* Info.plist */,
			);
			path = "Study-AssistantUITests";
			sourceTree = "<group>";
		};
		DF103B32240BD4A300712ED8 /* Core Files */ = {
			isa = PBXGroup;
			children = (
				DF103AFF240BD3C400712ED8 /* AppDelegate.swift */,
				DF103B01240BD3C400712ED8 /* SceneDelegate.swift */,
				DF103B05240BD3C400712ED8 /* Main.storyboard */,
			);
			path = "Core Files";
			sourceTree = "<group>";
		};
/* End PBXGroup section */

/* Begin PBXNativeTarget section */
		DF103AFB240BD3C400712ED8 /* Study-Assistant */ = {
			isa = PBXNativeTarget;
			buildConfigurationList = DF103B29240BD3C500712ED8 /* Build configuration list for PBXNativeTarget "Study-Assistant" */;
			buildPhases = (
				DF103AF8240BD3C400712ED8 /* Sources */,
				DF103AF9240BD3C400712ED8 /* Frameworks */,
				DF103AFA240BD3C400712ED8 /* Resources */,
			);
			buildRules = (
			);
			dependencies = (
			);
			name = "Study-Assistant";
			productName = "Study-Assistant";
			productReference = DF103AFC240BD3C400712ED8 /* Study-Assistant.app */;
			productType = "com.apple.product-type.application";
		};
		DF103B14240BD3C500712ED8 /* Study-AssistantTests */ = {
			isa = PBXNativeTarget;
			buildConfigurationList = DF103B2C240BD3C500712ED8 /* Build configuration list for PBXNativeTarget "Study-AssistantTests" */;
			buildPhases = (
				DF103B11240BD3C500712ED8 /* Sources */,
				DF103B12240BD3C500712ED8 /* Frameworks */,
				DF103B13240BD3C500712ED8 /* Resources */,
			);
			buildRules = (
			);
			dependencies = (
				DF103B17240BD3C500712ED8 /* PBXTargetDependency */,
			);
			name = "Study-AssistantTests";
			productName = "Study-AssistantTests";
			productReference = DF103B15240BD3C500712ED8 /* Study-AssistantTests.xctest */;
			productType = "com.apple.product-type.bundle.unit-test";
		};
		DF103B1F240BD3C500712ED8 /* Study-AssistantUITests */ = {
			isa = PBXNativeTarget;
			buildConfigurationList = DF103B2F240BD3C500712ED8 /* Build configuration list for PBXNativeTarget "Study-AssistantUITests" */;
			buildPhases = (
				DF103B1C240BD3C500712ED8 /* Sources */,
				DF103B1D240BD3C500712ED8 /* Frameworks */,
				DF103B1E240BD3C500712ED8 /* Resources */,
			);
			buildRules = (
			);
			dependencies = (
				DF103B22240BD3C500712ED8 /* PBXTargetDependency */,
			);
			name = "Study-AssistantUITests";
			productName = "Study-AssistantUITests";
			productReference = DF103B20240BD3C500712ED8 /* Study-AssistantUITests.xctest */;
			productType = "com.apple.product-type.bundle.ui-testing";
		};
/* End PBXNativeTarget section */

/* Begin PBXProject section */
		DF103AF4240BD3C400712ED8 /* Project object */ = {
			isa = PBXProject;
			attributes = {
				LastSwiftUpdateCheck = 1130;
				LastUpgradeCheck = 1130;
				ORGANIZATIONNAME = "Damien Lo";
				TargetAttributes = {
					DF103AFB240BD3C400712ED8 = {
						CreatedOnToolsVersion = 11.3.1;
					};
					DF103B14240BD3C500712ED8 = {
						CreatedOnToolsVersion = 11.3.1;
						TestTargetID = DF103AFB240BD3C400712ED8;
					};
					DF103B1F240BD3C500712ED8 = {
						CreatedOnToolsVersion = 11.3.1;
						TestTargetID = DF103AFB240BD3C400712ED8;
					};
				};
			};
			buildConfigurationList = DF103AF7240BD3C400712ED8 /* Build configuration list for PBXProject "Study-Assistant" */;
			compatibilityVersion = "Xcode 9.3";
			developmentRegion = en;
			hasScannedForEncodings = 0;
			knownRegions = (
				en,
				Base,
			);
			mainGroup = DF103AF3240BD3C400712ED8;
			productRefGroup = DF103AFD240BD3C400712ED8 /* Products */;
			projectDirPath = "";
			projectRoot = "";
			targets = (
				DF103AFB240BD3C400712ED8 /* Study-Assistant */,
				DF103B14240BD3C500712ED8 /* Study-AssistantTests */,
				DF103B1F240BD3C500712ED8 /* Study-AssistantUITests */,
			);
		};
/* End PBXProject section */

/* Begin PBXResourcesBuildPhase section */
		DF103AFA240BD3C400712ED8 /* Resources */ = {
			isa = PBXResourcesBuildPhase;
			buildActionMask = 2147483647;
			files = (
				DF103B0F240BD3C500712ED8 /* LaunchScreen.storyboard in Resources */,
				DF103B0C240BD3C500712ED8 /* Assets.xcassets in Resources */,
				DF103B07240BD3C400712ED8 /* Main.storyboard in Resources */,
			);
			runOnlyForDeploymentPostprocessing = 0;
		};
		DF103B13240BD3C500712ED8 /* Resources */ = {
			isa = PBXResourcesBuildPhase;
			buildActionMask = 2147483647;
			files = (
			);
			runOnlyForDeploymentPostprocessing = 0;
		};
		DF103B1E240BD3C500712ED8 /* Resources */ = {
			isa = PBXResourcesBuildPhase;
			buildActionMask = 2147483647;
			files = (
			);
			runOnlyForDeploymentPostprocessing = 0;
		};
/* End PBXResourcesBuildPhase section */

/* Begin PBXSourcesBuildPhase section */
		DF103AF8240BD3C400712ED8 /* Sources */ = {
			isa = PBXSourcesBuildPhase;
			buildActionMask = 2147483647;
			files = (
				DF103B00240BD3C400712ED8 /* AppDelegate.swift in Sources */,
				DF103B0A240BD3C400712ED8 /* Study_Assistant.xcdatamodeld in Sources */,
				DF103B34240BD53600712ED8 /* AllTestViewController.swift in Sources */,
				DF103B02240BD3C400712ED8 /* SceneDelegate.swift in Sources */,
			);
			runOnlyForDeploymentPostprocessing = 0;
		};
		DF103B11240BD3C500712ED8 /* Sources */ = {
			isa = PBXSourcesBuildPhase;
			buildActionMask = 2147483647;
			files = (
				DF103B1A240BD3C500712ED8 /* Study_AssistantTests.swift in Sources */,
			);
			runOnlyForDeploymentPostprocessing = 0;
		};
		DF103B1C240BD3C500712ED8 /* Sources */ = {
			isa = PBXSourcesBuildPhase;
			buildActionMask = 2147483647;
			files = (
				DF103B25240BD3C500712ED8 /* Study_AssistantUITests.swift in Sources */,
			);
			runOnlyForDeploymentPostprocessing = 0;
		};
/* End PBXSourcesBuildPhase section */

/* Begin PBXTargetDependency section */
		DF103B17240BD3C500712ED8 /* PBXTargetDependency */ = {
			isa = PBXTargetDependency;
			target = DF103AFB240BD3C400712ED8 /* Study-Assistant */;
			targetProxy = DF103B16240BD3C500712ED8 /* PBXContainerItemProxy */;
		};
		DF103B22240BD3C500712ED8 /* PBXTargetDependency */ = {
			isa = PBXTargetDependency;
			target = DF103AFB240BD3C400712ED8 /* Study-Assistant */;
			targetProxy = DF103B21240BD3C500712ED8 /* PBXContainerItemProxy */;
		};
/* End PBXTargetDependency section */

/* Begin PBXVariantGroup section */
		DF103B05240BD3C400712ED8 /* Main.storyboard */ = {
			isa = PBXVariantGroup;
			children = (
				DF103B06240BD3C400712ED8 /* Base */,
			);
			name = Main.storyboard;
			sourceTree = "<group>";
		};
		DF103B0D240BD3C500712ED8 /* LaunchScreen.storyboard */ = {
			isa = PBXVariantGroup;
			children = (
				DF103B0E240BD3C500712ED8 /* Base */,
			);
			name = LaunchScreen.storyboard;
			sourceTree = "<group>";
		};
/* End PBXVariantGroup section */

/* Begin XCBuildConfiguration section */
		DF103B27240BD3C500712ED8 /* Debug */ = {
			isa = XCBuildConfiguration;
			buildSettings = {
				ALWAYS_SEARCH_USER_PATHS = NO;
				CLANG_ANALYZER_NONNULL = YES;
				CLANG_ANALYZER_NUMBER_OBJECT_CONVERSION = YES_AGGRESSIVE;
				CLANG_CXX_LANGUAGE_STANDARD = "gnu++14";
				CLANG_CXX_LIBRARY = "libc++";
				CLANG_ENABLE_MODULES = YES;
				CLANG_ENABLE_OBJC_ARC = YES;
				CLANG_ENABLE_OBJC_WEAK = YES;
				CLANG_WARN_BLOCK_CAPTURE_AUTORELEASING = YES;
				CLANG_WARN_BOOL_CONVERSION = YES;
				CLANG_WARN_COMMA = YES;
				CLANG_WARN_CONSTANT_CONVERSION = YES;
				CLANG_WARN_DEPRECATED_OBJC_IMPLEMENTATIONS = YES;
				CLANG_WARN_DIRECT_OBJC_ISA_USAGE = YES_ERROR;
				CLANG_WARN_DOCUMENTATION_COMMENTS = YES;
				CLANG_WARN_EMPTY_BODY = YES;
				CLANG_WARN_ENUM_CONVERSION = YES;
				CLANG_WARN_INFINITE_RECURSION = YES;
				CLANG_WARN_INT_CONVERSION = YES;
				CLANG_WARN_NON_LITERAL_NULL_CONVERSION = YES;
				CLANG_WARN_OBJC_IMPLICIT_RETAIN_SELF = YES;
				CLANG_WARN_OBJC_LITERAL_CONVERSION = YES;
				CLANG_WARN_OBJC_ROOT_CLASS = YES_ERROR;
				CLANG_WARN_RANGE_LOOP_ANALYSIS = YES;
				CLANG_WARN_STRICT_PROTOTYPES = YES;
				CLANG_WARN_SUSPICIOUS_MOVE = YES;
				CLANG_WARN_UNGUARDED_AVAILABILITY = YES_AGGRESSIVE;
				CLANG_WARN_UNREACHABLE_CODE = YES;
				CLANG_WARN__DUPLICATE_METHOD_MATCH = YES;
				COPY_PHASE_STRIP = NO;
				DEBUG_INFORMATION_FORMAT = dwarf;
				ENABLE_STRICT_OBJC_MSGSEND = YES;
				ENABLE_TESTABILITY = YES;
				GCC_C_LANGUAGE_STANDARD = gnu11;
				GCC_DYNAMIC_NO_PIC = NO;
				GCC_NO_COMMON_BLOCKS = YES;
				GCC_OPTIMIZATION_LEVEL = 0;
				GCC_PREPROCESSOR_DEFINITIONS = (
					"DEBUG=1",
					"$(inherited)",
				);
				GCC_WARN_64_TO_32_BIT_CONVERSION = YES;
				GCC_WARN_ABOUT_RETURN_TYPE = YES_ERROR;
				GCC_WARN_UNDECLARED_SELECTOR = YES;
				GCC_WARN_UNINITIALIZED_AUTOS = YES_AGGRESSIVE;
				GCC_WARN_UNUSED_FUNCTION = YES;
				GCC_WARN_UNUSED_VARIABLE = YES;
				IPHONEOS_DEPLOYMENT_TARGET = 13.2;
				MTL_ENABLE_DEBUG_INFO = INCLUDE_SOURCE;
				MTL_FAST_MATH = YES;
				ONLY_ACTIVE_ARCH = YES;
				SDKROOT = iphoneos;
				SWIFT_ACTIVE_COMPILATION_CONDITIONS = DEBUG;
				SWIFT_OPTIMIZATION_LEVEL = "-Onone";
			};
			name = Debug;
		};
		DF103B28240BD3C500712ED8 /* Release */ = {
			isa = XCBuildConfiguration;
			buildSettings = {
				ALWAYS_SEARCH_USER_PATHS = NO;
				CLANG_ANALYZER_NONNULL = YES;
				CLANG_ANALYZER_NUMBER_OBJECT_CONVERSION = YES_AGGRESSIVE;
				CLANG_CXX_LANGUAGE_STANDARD = "gnu++14";
				CLANG_CXX_LIBRARY = "libc++";
				CLANG_ENABLE_MODULES = YES;
				CLANG_ENABLE_OBJC_ARC = YES;
				CLANG_ENABLE_OBJC_WEAK = YES;
				CLANG_WARN_BLOCK_CAPTURE_AUTORELEASING = YES;
				CLANG_WARN_BOOL_CONVERSION = YES;
				CLANG_WARN_COMMA = YES;
				CLANG_WARN_CONSTANT_CONVERSION = YES;
				CLANG_WARN_DEPRECATED_OBJC_IMPLEMENTATIONS = YES;
				CLANG_WARN_DIRECT_OBJC_ISA_USAGE = YES_ERROR;
				CLANG_WARN_DOCUMENTATION_COMMENTS = YES;
				CLANG_WARN_EMPTY_BODY = YES;
				CLANG_WARN_ENUM_CONVERSION = YES;
				CLANG_WARN_INFINITE_RECURSION = YES;
				CLANG_WARN_INT_CONVERSION = YES;
				CLANG_WARN_NON_LITERAL_NULL_CONVERSION = YES;
				CLANG_WARN_OBJC_IMPLICIT_RETAIN_SELF = YES;
				CLANG_WARN_OBJC_LITERAL_CONVERSION = YES;
				CLANG_WARN_OBJC_ROOT_CLASS = YES_ERROR;
				CLANG_WARN_RANGE_LOOP_ANALYSIS = YES;
				CLANG_WARN_STRICT_PROTOTYPES = YES;
				CLANG_WARN_SUSPICIOUS_MOVE = YES;
				CLANG_WARN_UNGUARDED_AVAILABILITY = YES_AGGRESSIVE;
				CLANG_WARN_UNREACHABLE_CODE = YES;
				CLANG_WARN__DUPLICATE_METHOD_MATCH = YES;
				COPY_PHASE_STRIP = NO;
				DEBUG_INFORMATION_FORMAT = "dwarf-with-dsym";
				ENABLE_NS_ASSERTIONS = NO;
				ENABLE_STRICT_OBJC_MSGSEND = YES;
				GCC_C_LANGUAGE_STANDARD = gnu11;
				GCC_NO_COMMON_BLOCKS = YES;
				GCC_WARN_64_TO_32_BIT_CONVERSION = YES;
				GCC_WARN_ABOUT_RETURN_TYPE = YES_ERROR;
				GCC_WARN_UNDECLARED_SELECTOR = YES;
				GCC_WARN_UNINITIALIZED_AUTOS = YES_AGGRESSIVE;
				GCC_WARN_UNUSED_FUNCTION = YES;
				GCC_WARN_UNUSED_VARIABLE = YES;
				IPHONEOS_DEPLOYMENT_TARGET = 13.2;
				MTL_ENABLE_DEBUG_INFO = NO;
				MTL_FAST_MATH = YES;
				SDKROOT = iphoneos;
				SWIFT_COMPILATION_MODE = wholemodule;
				SWIFT_OPTIMIZATION_LEVEL = "-O";
				VALIDATE_PRODUCT = YES;
			};
			name = Release;
		};
		DF103B2A240BD3C500712ED8 /* Debug */ = {
			isa = XCBuildConfiguration;
			buildSettings = {
				ASSETCATALOG_COMPILER_APPICON_NAME = AppIcon;
				CODE_SIGN_STYLE = Automatic;
				DEVELOPMENT_TEAM = Q9QWVKYN9T;
				INFOPLIST_FILE = "Study-Assistant/Info.plist";
				LD_RUNPATH_SEARCH_PATHS = (
					"$(inherited)",
					"@executable_path/Frameworks",
				);
				PRODUCT_BUNDLE_IDENTIFIER = "cdnis.edu.hk.Study-Assistant";
				PRODUCT_NAME = "$(TARGET_NAME)";
				SWIFT_VERSION = 5.0;
				TARGETED_DEVICE_FAMILY = "1,2";
			};
			name = Debug;
		};
		DF103B2B240BD3C500712ED8 /* Release */ = {
			isa = XCBuildConfiguration;
			buildSettings = {
				ASSETCATALOG_COMPILER_APPICON_NAME = AppIcon;
				CODE_SIGN_STYLE = Automatic;
				DEVELOPMENT_TEAM = Q9QWVKYN9T;
				INFOPLIST_FILE = "Study-Assistant/Info.plist";
				LD_RUNPATH_SEARCH_PATHS = (
					"$(inherited)",
					"@executable_path/Frameworks",
				);
				PRODUCT_BUNDLE_IDENTIFIER = "cdnis.edu.hk.Study-Assistant";
				PRODUCT_NAME = "$(TARGET_NAME)";
				SWIFT_VERSION = 5.0;
				TARGETED_DEVICE_FAMILY = "1,2";
			};
			name = Release;
		};
		DF103B2D240BD3C500712ED8 /* Debug */ = {
			isa = XCBuildConfiguration;
			buildSettings = {
				ALWAYS_EMBED_SWIFT_STANDARD_LIBRARIES = YES;
				BUNDLE_LOADER = "$(TEST_HOST)";
				CODE_SIGN_STYLE = Automatic;
				DEVELOPMENT_TEAM = Q9QWVKYN9T;
				INFOPLIST_FILE = "Study-AssistantTests/Info.plist";
				IPHONEOS_DEPLOYMENT_TARGET = 13.2;
				LD_RUNPATH_SEARCH_PATHS = (
					"$(inherited)",
					"@executable_path/Frameworks",
					"@loader_path/Frameworks",
				);
				PRODUCT_BUNDLE_IDENTIFIER = "cdnis.edu.hk.Study-AssistantTests";
				PRODUCT_NAME = "$(TARGET_NAME)";
				SWIFT_VERSION = 5.0;
				TARGETED_DEVICE_FAMILY = "1,2";
				TEST_HOST = "$(BUILT_PRODUCTS_DIR)/Study-Assistant.app/Study-Assistant";
			};
			name = Debug;
		};
		DF103B2E240BD3C500712ED8 /* Release */ = {
			isa = XCBuildConfiguration;
			buildSettings = {
				ALWAYS_EMBED_SWIFT_STANDARD_LIBRARIES = YES;
				BUNDLE_LOADER = "$(TEST_HOST)";
				CODE_SIGN_STYLE = Automatic;
				DEVELOPMENT_TEAM = Q9QWVKYN9T;
				INFOPLIST_FILE = "Study-AssistantTests/Info.plist";
				IPHONEOS_DEPLOYMENT_TARGET = 13.2;
				LD_RUNPATH_SEARCH_PATHS = (
					"$(inherited)",
					"@executable_path/Frameworks",
					"@loader_path/Frameworks",
				);
				PRODUCT_BUNDLE_IDENTIFIER = "cdnis.edu.hk.Study-AssistantTests";
				PRODUCT_NAME = "$(TARGET_NAME)";
				SWIFT_VERSION = 5.0;
				TARGETED_DEVICE_FAMILY = "1,2";
				TEST_HOST = "$(BUILT_PRODUCTS_DIR)/Study-Assistant.app/Study-Assistant";
			};
			name = Release;
		};
		DF103B30240BD3C500712ED8 /* Debug */ = {
			isa = XCBuildConfiguration;
			buildSettings = {
				ALWAYS_EMBED_SWIFT_STANDARD_LIBRARIES = YES;
				CODE_SIGN_STYLE = Automatic;
				DEVELOPMENT_TEAM = Q9QWVKYN9T;
				INFOPLIST_FILE = "Study-AssistantUITests/Info.plist";
				LD_RUNPATH_SEARCH_PATHS = (
					"$(inherited)",
					"@executable_path/Frameworks",
					"@loader_path/Frameworks",
				);
				PRODUCT_BUNDLE_IDENTIFIER = "cdnis.edu.hk.Study-AssistantUITests";
				PRODUCT_NAME = "$(TARGET_NAME)";
				SWIFT_VERSION = 5.0;
				TARGETED_DEVICE_FAMILY = "1,2";
				TEST_TARGET_NAME = "Study-Assistant";
			};
			name = Debug;
		};
		DF103B31240BD3C500712ED8 /* Release */ = {
			isa = XCBuildConfiguration;
			buildSettings = {
				ALWAYS_EMBED_SWIFT_STANDARD_LIBRARIES = YES;
				CODE_SIGN_STYLE = Automatic;
				DEVELOPMENT_TEAM = Q9QWVKYN9T;
				INFOPLIST_FILE = "Study-AssistantUITests/Info.plist";
				LD_RUNPATH_SEARCH_PATHS = (
					"$(inherited)",
					"@executable_path/Frameworks",
					"@loader_path/Frameworks",
				);
				PRODUCT_BUNDLE_IDENTIFIER = "cdnis.edu.hk.Study-AssistantUITests";
				PRODUCT_NAME = "$(TARGET_NAME)";
				SWIFT_VERSION = 5.0;
				TARGETED_DEVICE_FAMILY = "1,2";
				TEST_TARGET_NAME = "Study-Assistant";
			};
			name = Release;
		};
/* End XCBuildConfiguration section */

/* Begin XCConfigurationList section */
		DF103AF7240BD3C400712ED8 /* Build configuration list for PBXProject "Study-Assistant" */ = {
			isa = XCConfigurationList;
			buildConfigurations = (
				DF103B27240BD3C500712ED8 /* Debug */,
				DF103B28240BD3C500712ED8 /* Release */,
			);
			defaultConfigurationIsVisible = 0;
			defaultConfigurationName = Release;
		};
		DF103B29240BD3C500712ED8 /* Build configuration list for PBXNativeTarget "Study-Assistant" */ = {
			isa = XCConfigurationList;
			buildConfigurations = (
				DF103B2A240BD3C500712ED8 /* Debug */,
				DF103B2B240BD3C500712ED8 /* Release */,
			);
			defaultConfigurationIsVisible = 0;
			defaultConfigurationName = Release;
		};
		DF103B2C240BD3C500712ED8 /* Build configuration list for PBXNativeTarget "Study-AssistantTests" */ = {
			isa = XCConfigurationList;
			buildConfigurations = (
				DF103B2D240BD3C500712ED8 /* Debug */,
				DF103B2E240BD3C500712ED8 /* Release */,
			);
			defaultConfigurationIsVisible = 0;
			defaultConfigurationName = Release;
		};
		DF103B2F240BD3C500712ED8 /* Build configuration list for PBXNativeTarget "Study-AssistantUITests" */ = {
			isa = XCConfigurationList;
			buildConfigurations = (
				DF103B30240BD3C500712ED8 /* Debug */,
				DF103B31240BD3C500712ED8 /* Release */,
			);
			defaultConfigurationIsVisible = 0;
			defaultConfigurationName = Release;
		};
/* End XCConfigurationList section */

/* Begin XCVersionGroup section */
		DF103B08240BD3C400712ED8 /* Study_Assistant.xcdatamodeld */ = {
			isa = XCVersionGroup;
			children = (
				DF103B09240BD3C400712ED8 /* Study_Assistant.xcdatamodel */,
			);
			currentVersion = DF103B09240BD3C400712ED8 /* Study_Assistant.xcdatamodel */;
			path = Study_Assistant.xcdatamodeld;
			sourceTree = "<group>";
			versionGroupType = wrapper.xcdatamodel;
		};
/* End XCVersionGroup section */
	};
	rootObject = DF103AF4240BD3C400712ED8 /* Project object */;
}
